// !$*UTF8*$!
{
	archiveVersion = 1;
	classes = {
	};
	objectVersion = 46;
	objects = {

/* Begin PBXBuildFile section */
		1610B1D95EAA4C99ADCA0610 /* libPods-Test.a in Frameworks */ = {isa = PBXBuildFile; fileRef = 5B22BEF3D5D14389B5AFC052 /* libPods-Test.a */; };
		BEAB86A0193961BE0098E80F /* AKUInfinityListSpec.m in Sources */ = {isa = PBXBuildFile; fileRef = BEAB869F193961BE0098E80F /* AKUInfinityListSpec.m */; };
		BEFA23E217FFDBC000453AA3 /* XCTest.framework in Frameworks */ = {isa = PBXBuildFile; fileRef = BEFA23E117FFDBC000453AA3 /* XCTest.framework */; };
		BEFA23E417FFDBC000453AA3 /* Foundation.framework in Frameworks */ = {isa = PBXBuildFile; fileRef = BEFA23E317FFDBC000453AA3 /* Foundation.framework */; };
		BEFA23E617FFDBC000453AA3 /* UIKit.framework in Frameworks */ = {isa = PBXBuildFile; fileRef = BEFA23E517FFDBC000453AA3 /* UIKit.framework */; };
		BEFA23EC17FFDBC000453AA3 /* InfoPlist.strings in Resources */ = {isa = PBXBuildFile; fileRef = BEFA23EA17FFDBC000453AA3 /* InfoPlist.strings */; };
		BEFA23EE17FFDBC000453AA3 /* Test.m in Sources */ = {isa = PBXBuildFile; fileRef = BEFA23ED17FFDBC000453AA3 /* Test.m */; };
		BEFA240E17FFDBE100453AA3 /* RegularStringTest.m in Sources */ = {isa = PBXBuildFile; fileRef = BEFA240C17FFDBE100453AA3 /* RegularStringTest.m */; };
		C87902618FD49F1EECEA22B2 /* AKURandString.m in Sources */ = {isa = PBXBuildFile; fileRef = C8790F53E83496949B6ADE47 /* AKURandString.m */; };
		C87902D5FE49FC889D6739CD /* AKUListFunctional.m in Sources */ = {isa = PBXBuildFile; fileRef = C879029C172DD77AFA87489F /* AKUListFunctional.m */; };
		C879037BAE7D2CD6FA638E43 /* AKULoseDictionaryGenarator.m in Sources */ = {isa = PBXBuildFile; fileRef = C8790B92384D711532E5B8FF /* AKULoseDictionaryGenarator.m */; };
		C879066FC51BC1B3313502CF /* AKURegularString.m in Sources */ = {isa = PBXBuildFile; fileRef = C8790E2A8763770A726B3D8D /* AKURegularString.m */; };
		C879071CDDA18196E63E13CA /* AKUInfinityList.m in Sources */ = {isa = PBXBuildFile; fileRef = C8790BAF98005402840C2BD4 /* AKUInfinityList.m */; };
		C8790784374368B7934986D9 /* NumberSpec.m in Sources */ = {isa = PBXBuildFile; fileRef = C879088E994F5D8C79DD50C7 /* NumberSpec.m */; };
		C879097841D14101E93EDD6D /* AKUStringGenerator.m in Sources */ = {isa = PBXBuildFile; fileRef = C8790D4EB3959F544B0FAD8B /* AKUStringGenerator.m */; };
		C8790B2DBF2B6ECEE3D3AAA8 /* AKUDateGenerator.m in Sources */ = {isa = PBXBuildFile; fileRef = C87909141A9CF67EFF9AB6FD /* AKUDateGenerator.m */; };
		C8790CAFC0E0FD757104ACA2 /* AKUFixedDate.m in Sources */ = {isa = PBXBuildFile; fileRef = C8790BB0959CE66081A21A41 /* AKUFixedDate.m */; };
		C8790E98E39162C41431E176 /* AKUNumberGenerator.m in Sources */ = {isa = PBXBuildFile; fileRef = C87905A3AD561CB73DEA528C /* AKUNumberGenerator.m */; };
/* End PBXBuildFile section */

/* Begin PBXFileReference section */
		339226C3111C4A1AA706FC9B /* Pods-Test.xcconfig */ = {isa = PBXFileReference; includeInIndex = 1; lastKnownFileType = text.xcconfig; name = "Pods-Test.xcconfig"; path = "Pods/Pods-Test.xcconfig"; sourceTree = "<group>"; };
		5B22BEF3D5D14389B5AFC052 /* libPods-Test.a */ = {isa = PBXFileReference; explicitFileType = archive.ar; includeInIndex = 0; path = "libPods-Test.a"; sourceTree = BUILT_PRODUCTS_DIR; };
		BE3AB18818FF814500D0AB3E /* AKUTestKit.h */ = {isa = PBXFileReference; lastKnownFileType = sourcecode.c.h; path = AKUTestKit.h; sourceTree = "<group>"; };
		BEAB869F193961BE0098E80F /* AKUInfinityListSpec.m */ = {isa = PBXFileReference; fileEncoding = 4; lastKnownFileType = sourcecode.c.objc; path = AKUInfinityListSpec.m; sourceTree = "<group>"; };
		BEFA23DE17FFDBC000453AA3 /* Test.xctest */ = {isa = PBXFileReference; explicitFileType = wrapper.cfbundle; includeInIndex = 0; path = Test.xctest; sourceTree = BUILT_PRODUCTS_DIR; };
		BEFA23E117FFDBC000453AA3 /* XCTest.framework */ = {isa = PBXFileReference; lastKnownFileType = wrapper.framework; name = XCTest.framework; path = Library/Frameworks/XCTest.framework; sourceTree = DEVELOPER_DIR; };
		BEFA23E317FFDBC000453AA3 /* Foundation.framework */ = {isa = PBXFileReference; lastKnownFileType = wrapper.framework; name = Foundation.framework; path = Library/Frameworks/Foundation.framework; sourceTree = DEVELOPER_DIR; };
		BEFA23E517FFDBC000453AA3 /* UIKit.framework */ = {isa = PBXFileReference; lastKnownFileType = wrapper.framework; name = UIKit.framework; path = Library/Frameworks/UIKit.framework; sourceTree = DEVELOPER_DIR; };
		BEFA23E917FFDBC000453AA3 /* Test-Info.plist */ = {isa = PBXFileReference; lastKnownFileType = text.plist.xml; path = "Test-Info.plist"; sourceTree = "<group>"; };
		BEFA23EB17FFDBC000453AA3 /* en */ = {isa = PBXFileReference; lastKnownFileType = text.plist.strings; name = en; path = en.lproj/InfoPlist.strings; sourceTree = "<group>"; };
		BEFA23ED17FFDBC000453AA3 /* Test.m */ = {isa = PBXFileReference; lastKnownFileType = sourcecode.c.objc; path = Test.m; sourceTree = "<group>"; };
		BEFA23EF17FFDBC000453AA3 /* Test-Prefix.pch */ = {isa = PBXFileReference; lastKnownFileType = sourcecode.c.h; path = "Test-Prefix.pch"; sourceTree = "<group>"; };
		BEFA240C17FFDBE100453AA3 /* RegularStringTest.m */ = {isa = PBXFileReference; fileEncoding = 4; lastKnownFileType = sourcecode.c.objc; path = RegularStringTest.m; sourceTree = "<group>"; };
		C879029C172DD77AFA87489F /* AKUListFunctional.m */ = {isa = PBXFileReference; fileEncoding = 4; lastKnownFileType = sourcecode.c.objc; path = AKUListFunctional.m; sourceTree = "<group>"; };
		C879055FB893A0D3979211B6 /* AKURandString.h */ = {isa = PBXFileReference; fileEncoding = 4; lastKnownFileType = sourcecode.c.h; path = AKURandString.h; sourceTree = "<group>"; };
		C87905A3AD561CB73DEA528C /* AKUNumberGenerator.m */ = {isa = PBXFileReference; fileEncoding = 4; lastKnownFileType = sourcecode.c.objc; path = AKUNumberGenerator.m; sourceTree = "<group>"; };
		C87905D2C34632DAD1B5A58B /* AKUListFunctional.h */ = {isa = PBXFileReference; fileEncoding = 4; lastKnownFileType = sourcecode.c.h; path = AKUListFunctional.h; sourceTree = "<group>"; };
		C8790723832BF3CBD4340311 /* AKUStringGenerator.h */ = {isa = PBXFileReference; fileEncoding = 4; lastKnownFileType = sourcecode.c.h; path = AKUStringGenerator.h; sourceTree = "<group>"; };
		C87907274984F6008B140C64 /* AKUFixedDate.h */ = {isa = PBXFileReference; fileEncoding = 4; lastKnownFileType = sourcecode.c.h; path = AKUFixedDate.h; sourceTree = "<group>"; };
		C879080F3646B75E57860CDE /* AKUNumberGenerator.h */ = {isa = PBXFileReference; fileEncoding = 4; lastKnownFileType = sourcecode.c.h; path = AKUNumberGenerator.h; sourceTree = "<group>"; };
		C879088E994F5D8C79DD50C7 /* NumberSpec.m */ = {isa = PBXFileReference; fileEncoding = 4; lastKnownFileType = sourcecode.c.objc; path = NumberSpec.m; sourceTree = "<group>"; };
		C87909141A9CF67EFF9AB6FD /* AKUDateGenerator.m */ = {isa = PBXFileReference; fileEncoding = 4; lastKnownFileType = sourcecode.c.objc; path = AKUDateGenerator.m; sourceTree = "<group>"; };
		C8790AB171816A40B4195985 /* AKURegularString.h */ = {isa = PBXFileReference; fileEncoding = 4; lastKnownFileType = sourcecode.c.h; path = AKURegularString.h; sourceTree = "<group>"; };
		C8790B92384D711532E5B8FF /* AKULoseDictionaryGenarator.m */ = {isa = PBXFileReference; fileEncoding = 4; lastKnownFileType = sourcecode.c.objc; path = AKULoseDictionaryGenarator.m; sourceTree = "<group>"; };
		C8790BAF98005402840C2BD4 /* AKUInfinityList.m */ = {isa = PBXFileReference; fileEncoding = 4; lastKnownFileType = sourcecode.c.objc; path = AKUInfinityList.m; sourceTree = "<group>"; };
		C8790BB0959CE66081A21A41 /* AKUFixedDate.m */ = {isa = PBXFileReference; fileEncoding = 4; lastKnownFileType = sourcecode.c.objc; path = AKUFixedDate.m; sourceTree = "<group>"; };
		C8790C81886377B9A3ED261E /* AKULoseDictionaryGenarator.h */ = {isa = PBXFileReference; fileEncoding = 4; lastKnownFileType = sourcecode.c.h; path = AKULoseDictionaryGenarator.h; sourceTree = "<group>"; };
		C8790D4EB3959F544B0FAD8B /* AKUStringGenerator.m */ = {isa = PBXFileReference; fileEncoding = 4; lastKnownFileType = sourcecode.c.objc; path = AKUStringGenerator.m; sourceTree = "<group>"; };
		C8790E2A8763770A726B3D8D /* AKURegularString.m */ = {isa = PBXFileReference; fileEncoding = 4; lastKnownFileType = sourcecode.c.objc; path = AKURegularString.m; sourceTree = "<group>"; };
		C8790E8D9A745F4DB862E004 /* AKUDateGenerator.h */ = {isa = PBXFileReference; fileEncoding = 4; lastKnownFileType = sourcecode.c.h; path = AKUDateGenerator.h; sourceTree = "<group>"; };
		C8790F53E83496949B6ADE47 /* AKURandString.m */ = {isa = PBXFileReference; fileEncoding = 4; lastKnownFileType = sourcecode.c.objc; path = AKURandString.m; sourceTree = "<group>"; };
		C8790FFB41D9374AB2CFA09B /* AKUInfinityList.h */ = {isa = PBXFileReference; fileEncoding = 4; lastKnownFileType = sourcecode.c.h; path = AKUInfinityList.h; sourceTree = "<group>"; };
/* End PBXFileReference section */

/* Begin PBXFrameworksBuildPhase section */
		BEFA23DB17FFDBC000453AA3 /* Frameworks */ = {
			isa = PBXFrameworksBuildPhase;
			buildActionMask = 2147483647;
			files = (
				BEFA23E217FFDBC000453AA3 /* XCTest.framework in Frameworks */,
				BEFA23E617FFDBC000453AA3 /* UIKit.framework in Frameworks */,
				BEFA23E417FFDBC000453AA3 /* Foundation.framework in Frameworks */,
				1610B1D95EAA4C99ADCA0610 /* libPods-Test.a in Frameworks */,
			);
			runOnlyForDeploymentPostprocessing = 0;
		};
/* End PBXFrameworksBuildPhase section */

/* Begin PBXGroup section */
		BEFA23D317FFDBA200453AA3 = {
			isa = PBXGroup;
			children = (
				BEFA23F317FFDBD800453AA3 /* lib */,
				BEFA23E717FFDBC000453AA3 /* Test */,
				BEFA23E017FFDBC000453AA3 /* Frameworks */,
				BEFA23DF17FFDBC000453AA3 /* Products */,
				339226C3111C4A1AA706FC9B /* Pods-Test.xcconfig */,
			);
			sourceTree = "<group>";
		};
		BEFA23DF17FFDBC000453AA3 /* Products */ = {
			isa = PBXGroup;
			children = (
				BEFA23DE17FFDBC000453AA3 /* Test.xctest */,
			);
			name = Products;
			sourceTree = "<group>";
		};
		BEFA23E017FFDBC000453AA3 /* Frameworks */ = {
			isa = PBXGroup;
			children = (
				BEFA23E117FFDBC000453AA3 /* XCTest.framework */,
				BEFA23E317FFDBC000453AA3 /* Foundation.framework */,
				BEFA23E517FFDBC000453AA3 /* UIKit.framework */,
				5B22BEF3D5D14389B5AFC052 /* libPods-Test.a */,
			);
			name = Frameworks;
			sourceTree = "<group>";
		};
		BEFA23E717FFDBC000453AA3 /* Test */ = {
			isa = PBXGroup;
			children = (
				BEFA240C17FFDBE100453AA3 /* RegularStringTest.m */,
				BEFA23ED17FFDBC000453AA3 /* Test.m */,
				BEFA23E817FFDBC000453AA3 /* Supporting Files */,
				C879088E994F5D8C79DD50C7 /* NumberSpec.m */,
				BEAB869F193961BE0098E80F /* AKUInfinityListSpec.m */,
			);
			path = Test;
			sourceTree = "<group>";
		};
		BEFA23E817FFDBC000453AA3 /* Supporting Files */ = {
			isa = PBXGroup;
			children = (
				BEFA23E917FFDBC000453AA3 /* Test-Info.plist */,
				BEFA23EA17FFDBC000453AA3 /* InfoPlist.strings */,
				BEFA23EF17FFDBC000453AA3 /* Test-Prefix.pch */,
			);
			name = "Supporting Files";
			sourceTree = "<group>";
		};
		BEFA23F317FFDBD800453AA3 /* lib */ = {
			isa = PBXGroup;
			children = (
				BE3AB18818FF814500D0AB3E /* AKUTestKit.h */,
				C8790DACB81DDA7225952A27 /* generator */,
			);
			path = lib;
			sourceTree = "<group>";
		};
		C8790DACB81DDA7225952A27 /* generator */ = {
			isa = PBXGroup;
			children = (
				C8790F53E83496949B6ADE47 /* AKURandString.m */,
				C879055FB893A0D3979211B6 /* AKURandString.h */,
				C87907274984F6008B140C64 /* AKUFixedDate.h */,
				C8790BB0959CE66081A21A41 /* AKUFixedDate.m */,
				C8790AB171816A40B4195985 /* AKURegularString.h */,
				C8790B92384D711532E5B8FF /* AKULoseDictionaryGenarator.m */,
				C879080F3646B75E57860CDE /* AKUNumberGenerator.h */,
				C87905D2C34632DAD1B5A58B /* AKUListFunctional.h */,
				C8790C81886377B9A3ED261E /* AKULoseDictionaryGenarator.h */,
				C8790E8D9A745F4DB862E004 /* AKUDateGenerator.h */,
				C879029C172DD77AFA87489F /* AKUListFunctional.m */,
				C8790E2A8763770A726B3D8D /* AKURegularString.m */,
				C8790BAF98005402840C2BD4 /* AKUInfinityList.m */,
				C87905A3AD561CB73DEA528C /* AKUNumberGenerator.m */,
				C87909141A9CF67EFF9AB6FD /* AKUDateGenerator.m */,
				C8790FFB41D9374AB2CFA09B /* AKUInfinityList.h */,
				C8790723832BF3CBD4340311 /* AKUStringGenerator.h */,
				C8790D4EB3959F544B0FAD8B /* AKUStringGenerator.m */,
			);
			path = generator;
			sourceTree = "<group>";
		};
/* End PBXGroup section */

/* Begin PBXNativeTarget section */
		BEFA23DD17FFDBC000453AA3 /* Test */ = {
			isa = PBXNativeTarget;
			buildConfigurationList = BEFA23F017FFDBC000453AA3 /* Build configuration list for PBXNativeTarget "Test" */;
			buildPhases = (
				58AFB2C605FB43B98DBA78BB /* Check Pods Manifest.lock */,
				BEFA23DA17FFDBC000453AA3 /* Sources */,
				BEFA23DB17FFDBC000453AA3 /* Frameworks */,
				BEFA23DC17FFDBC000453AA3 /* Resources */,
				C09D439CAFFA4C44BA3CC6A4 /* Copy Pods Resources */,
			);
			buildRules = (
			);
			dependencies = (
			);
			name = Test;
			productName = Test;
			productReference = BEFA23DE17FFDBC000453AA3 /* Test.xctest */;
			productType = "com.apple.product-type.bundle.unit-test";
		};
/* End PBXNativeTarget section */

/* Begin PBXProject section */
		BEFA23D417FFDBA200453AA3 /* Project object */ = {
			isa = PBXProject;
			attributes = {
				LastUpgradeCheck = 0510;
			};
			buildConfigurationList = BEFA23D717FFDBA200453AA3 /* Build configuration list for PBXProject "AKUTestKit" */;
			compatibilityVersion = "Xcode 3.2";
			developmentRegion = English;
			hasScannedForEncodings = 0;
			knownRegions = (
				en,
			);
			mainGroup = BEFA23D317FFDBA200453AA3;
			productRefGroup = BEFA23DF17FFDBC000453AA3 /* Products */;
			projectDirPath = "";
			projectRoot = "";
			targets = (
				BEFA23DD17FFDBC000453AA3 /* Test */,
			);
		};
/* End PBXProject section */

/* Begin PBXResourcesBuildPhase section */
		BEFA23DC17FFDBC000453AA3 /* Resources */ = {
			isa = PBXResourcesBuildPhase;
			buildActionMask = 2147483647;
			files = (
				BEFA23EC17FFDBC000453AA3 /* InfoPlist.strings in Resources */,
			);
			runOnlyForDeploymentPostprocessing = 0;
		};
/* End PBXResourcesBuildPhase section */

/* Begin PBXShellScriptBuildPhase section */
		58AFB2C605FB43B98DBA78BB /* Check Pods Manifest.lock */ = {
			isa = PBXShellScriptBuildPhase;
			buildActionMask = 2147483647;
			files = (
			);
			inputPaths = (
			);
			name = "Check Pods Manifest.lock";
			outputPaths = (
			);
			runOnlyForDeploymentPostprocessing = 0;
			shellPath = /bin/sh;
			shellScript = "diff \"${PODS_ROOT}/../Podfile.lock\" \"${PODS_ROOT}/Manifest.lock\" > /dev/null\nif [[ $? != 0 ]] ; then\n    cat << EOM\nerror: The sandbox is not in sync with the Podfile.lock. Run 'pod install' or update your CocoaPods installation.\nEOM\n    exit 1\nfi\n";
			showEnvVarsInLog = 0;
		};
		C09D439CAFFA4C44BA3CC6A4 /* Copy Pods Resources */ = {
			isa = PBXShellScriptBuildPhase;
			buildActionMask = 2147483647;
			files = (
			);
			inputPaths = (
			);
			name = "Copy Pods Resources";
			outputPaths = (
			);
			runOnlyForDeploymentPostprocessing = 0;
			shellPath = /bin/sh;
			shellScript = "\"${SRCROOT}/Pods/Pods-Test-resources.sh\"\n";
			showEnvVarsInLog = 0;
		};
/* End PBXShellScriptBuildPhase section */

/* Begin PBXSourcesBuildPhase section */
		BEFA23DA17FFDBC000453AA3 /* Sources */ = {
			isa = PBXSourcesBuildPhase;
			buildActionMask = 2147483647;
			files = (
				BEAB86A0193961BE0098E80F /* AKUInfinityListSpec.m in Sources */,
				BEFA23EE17FFDBC000453AA3 /* Test.m in Sources */,
				BEFA240E17FFDBE100453AA3 /* RegularStringTest.m in Sources */,
				C8790784374368B7934986D9 /* NumberSpec.m in Sources */,
				C87902618FD49F1EECEA22B2 /* AKURandString.m in Sources */,
				C8790CAFC0E0FD757104ACA2 /* AKUFixedDate.m in Sources */,
				C879037BAE7D2CD6FA638E43 /* AKULoseDictionaryGenarator.m in Sources */,
				C87902D5FE49FC889D6739CD /* AKUListFunctional.m in Sources */,
				C879066FC51BC1B3313502CF /* AKURegularString.m in Sources */,
				C879071CDDA18196E63E13CA /* AKUInfinityList.m in Sources */,
				C8790E98E39162C41431E176 /* AKUNumberGenerator.m in Sources */,
				C8790B2DBF2B6ECEE3D3AAA8 /* AKUDateGenerator.m in Sources */,
				C879097841D14101E93EDD6D /* AKUStringGenerator.m in Sources */,
			);
			runOnlyForDeploymentPostprocessing = 0;
		};
/* End PBXSourcesBuildPhase section */

/* Begin PBXVariantGroup section */
		BEFA23EA17FFDBC000453AA3 /* InfoPlist.strings */ = {
			isa = PBXVariantGroup;
			children = (
				BEFA23EB17FFDBC000453AA3 /* en */,
			);
			name = InfoPlist.strings;
			sourceTree = "<group>";
		};
/* End PBXVariantGroup section */

/* Begin XCBuildConfiguration section */
		BEFA23D817FFDBA200453AA3 /* Debug */ = {
			isa = XCBuildConfiguration;
			buildSettings = {
				ONLY_ACTIVE_ARCH = YES;
			};
			name = Debug;
		};
		BEFA23D917FFDBA200453AA3 /* Release */ = {
			isa = XCBuildConfiguration;
			buildSettings = {
			};
			name = Release;
		};
		BEFA23F117FFDBC000453AA3 /* Debug */ = {
			isa = XCBuildConfiguration;
			baseConfigurationReference = 339226C3111C4A1AA706FC9B /* Pods-Test.xcconfig */;
			buildSettings = {
				ALWAYS_SEARCH_USER_PATHS = NO;
				CLANG_CXX_LANGUAGE_STANDARD = "gnu++0x";
				CLANG_CXX_LIBRARY = "libc++";
				CLANG_ENABLE_MODULES = YES;
				CLANG_ENABLE_OBJC_ARC = YES;
				CLANG_WARN_BOOL_CONVERSION = YES;
				CLANG_WARN_CONSTANT_CONVERSION = YES;
				CLANG_WARN_DIRECT_OBJC_ISA_USAGE = YES_ERROR;
				CLANG_WARN_EMPTY_BODY = YES;
				CLANG_WARN_ENUM_CONVERSION = YES;
				CLANG_WARN_INT_CONVERSION = YES;
				CLANG_WARN_OBJC_ROOT_CLASS = YES_ERROR;
				CLANG_WARN__DUPLICATE_METHOD_MATCH = YES;
				COPY_PHASE_STRIP = NO;
				FRAMEWORK_SEARCH_PATHS = (
					"$(SDKROOT)/Developer/Library/Frameworks",
					"$(inherited)",
					"$(DEVELOPER_FRAMEWORKS_DIR)",
				);
				GCC_C_LANGUAGE_STANDARD = gnu99;
				GCC_DYNAMIC_NO_PIC = NO;
				GCC_OPTIMIZATION_LEVEL = 0;
				GCC_PRECOMPILE_PREFIX_HEADER = YES;
				GCC_PREFIX_HEADER = "Test/Test-Prefix.pch";
				GCC_PREPROCESSOR_DEFINITIONS = (
					"DEBUG=1",
					"$(inherited)",
				);
				GCC_SYMBOLS_PRIVATE_EXTERN = NO;
				GCC_WARN_64_TO_32_BIT_CONVERSION = YES;
				GCC_WARN_ABOUT_RETURN_TYPE = YES_ERROR;
				GCC_WARN_UNDECLARED_SELECTOR = YES;
				GCC_WARN_UNINITIALIZED_AUTOS = YES;
				GCC_WARN_UNUSED_FUNCTION = YES;
				GCC_WARN_UNUSED_VARIABLE = YES;
				INFOPLIST_FILE = "Test/Test-Info.plist";
				IPHONEOS_DEPLOYMENT_TARGET = 7.0;
				ONLY_ACTIVE_ARCH = YES;
				PRODUCT_NAME = "$(TARGET_NAME)";
				SDKROOT = iphoneos;
				WRAPPER_EXTENSION = xctest;
			};
			name = Debug;
		};
		BEFA23F217FFDBC000453AA3 /* Release */ = {
			isa = XCBuildConfiguration;
			baseConfigurationReference = 339226C3111C4A1AA706FC9B /* Pods-Test.xcconfig */;
			buildSettings = {
				ALWAYS_SEARCH_USER_PATHS = NO;
				CLANG_CXX_LANGUAGE_STANDARD = "gnu++0x";
				CLANG_CXX_LIBRARY = "libc++";
				CLANG_ENABLE_MODULES = YES;
				CLANG_ENABLE_OBJC_ARC = YES;
				CLANG_WARN_BOOL_CONVERSION = YES;
				CLANG_WARN_CONSTANT_CONVERSION = YES;
				CLANG_WARN_DIRECT_OBJC_ISA_USAGE = YES_ERROR;
				CLANG_WARN_EMPTY_BODY = YES;
				CLANG_WARN_ENUM_CONVERSION = YES;
				CLANG_WARN_INT_CONVERSION = YES;
				CLANG_WARN_OBJC_ROOT_CLASS = YES_ERROR;
				CLANG_WARN__DUPLICATE_METHOD_MATCH = YES;
				COPY_PHASE_STRIP = YES;
				ENABLE_NS_ASSERTIONS = NO;
				FRAMEWORK_SEARCH_PATHS = (
					"$(SDKROOT)/Developer/Library/Frameworks",
					"$(inherited)",
					"$(DEVELOPER_FRAMEWORKS_DIR)",
				);
				GCC_C_LANGUAGE_STANDARD = gnu99;
				GCC_PRECOMPILE_PREFIX_HEADER = YES;
				GCC_PREFIX_HEADER = "Test/Test-Prefix.pch";
				GCC_WARN_64_TO_32_BIT_CONVERSION = YES;
				GCC_WARN_ABOUT_RETURN_TYPE = YES_ERROR;
				GCC_WARN_UNDECLARED_SELECTOR = YES;
				GCC_WARN_UNINITIALIZED_AUTOS = YES;
				GCC_WARN_UNUSED_FUNCTION = YES;
				GCC_WARN_UNUSED_VARIABLE = YES;
				INFOPLIST_FILE = "Test/Test-Info.plist";
				IPHONEOS_DEPLOYMENT_TARGET = 7.0;
				PRODUCT_NAME = "$(TARGET_NAME)";
				SDKROOT = iphoneos;
				VALIDATE_PRODUCT = YES;
				WRAPPER_EXTENSION = xctest;
			};
			name = Release;
		};
/* End XCBuildConfiguration section */

/* Begin XCConfigurationList section */
		BEFA23D717FFDBA200453AA3 /* Build configuration list for PBXProject "AKUTestKit" */ = {
			isa = XCConfigurationList;
			buildConfigurations = (
				BEFA23D817FFDBA200453AA3 /* Debug */,
				BEFA23D917FFDBA200453AA3 /* Release */,
			);
			defaultConfigurationIsVisible = 0;
			defaultConfigurationName = Release;
		};
		BEFA23F017FFDBC000453AA3 /* Build configuration list for PBXNativeTarget "Test" */ = {
			isa = XCConfigurationList;
			buildConfigurations = (
				BEFA23F117FFDBC000453AA3 /* Debug */,
				BEFA23F217FFDBC000453AA3 /* Release */,
			);
			defaultConfigurationIsVisible = 0;
			defaultConfigurationName = Release;
		};
/* End XCConfigurationList section */
	};
	rootObject = BEFA23D417FFDBA200453AA3 /* Project object */;
}
